// !$*UTF8*$!
{
	archiveVersion = 1;
	classes = {
	};
	objectVersion = 50;
	objects = {

/* Begin PBXBuildFile section */
		880BDA025598B15BD91C76AB /* Pods_TylerQuickMediaTests.framework in Frameworks */ = {isa = PBXBuildFile; fileRef = EC8D47B958AB465AB6CE4EA2 /* Pods_TylerQuickMediaTests.framework */; };
		BD15DDEC217C521800978A3B /* DeallocationView.swift in Sources */ = {isa = PBXBuildFile; fileRef = BD15DDEB217C521800978A3B /* DeallocationView.swift */; };
		BD15DDEF217C53CB00978A3B /* Medium.swift in Sources */ = {isa = PBXBuildFile; fileRef = BD15DDEE217C53CB00978A3B /* Medium.swift */; };
		BD15DDF4217C599000978A3B /* NaverApi.swift in Sources */ = {isa = PBXBuildFile; fileRef = BD15DDF3217C599000978A3B /* NaverApi.swift */; };
		BD15DDF6217C5ADA00978A3B /* NaverRequests.swift in Sources */ = {isa = PBXBuildFile; fileRef = BD15DDF5217C5ADA00978A3B /* NaverRequests.swift */; };
		BD15DDF8217C5C0900978A3B /* NaverResponses.swift in Sources */ = {isa = PBXBuildFile; fileRef = BD15DDF7217C5C0900978A3B /* NaverResponses.swift */; };
		BD15DDFA217C5D9700978A3B /* NaverService.swift in Sources */ = {isa = PBXBuildFile; fileRef = BD15DDF9217C5D9700978A3B /* NaverService.swift */; };
		BD34F009217C19A60066023E /* Enviroment.swift in Sources */ = {isa = PBXBuildFile; fileRef = BD34F008217C19A60066023E /* Enviroment.swift */; };
		BD34F00D217C1B080066023E /* SwinjectStoryboard+setup.swift in Sources */ = {isa = PBXBuildFile; fileRef = BD34F00C217C1B080066023E /* SwinjectStoryboard+setup.swift */; };
		BD34F00F217C1CB00066023E /* Inject.swift in Sources */ = {isa = PBXBuildFile; fileRef = BD34F00E217C1CB00066023E /* Inject.swift */; };
		BD34F012217C1F370066023E /* KakaoApi.swift in Sources */ = {isa = PBXBuildFile; fileRef = BD34F011217C1F360066023E /* KakaoApi.swift */; };
		BD34F016217C1F650066023E /* KakaoService.swift in Sources */ = {isa = PBXBuildFile; fileRef = BD34F015217C1F650066023E /* KakaoService.swift */; };
		BD34F018217C1F7B0066023E /* ServiceTypes.swift in Sources */ = {isa = PBXBuildFile; fileRef = BD34F017217C1F7B0066023E /* ServiceTypes.swift */; };
		BD34F01B217C26C80066023E /* MediaViewController.swift in Sources */ = {isa = PBXBuildFile; fileRef = BD34F01A217C26C80066023E /* MediaViewController.swift */; };
		BD34F01D217C26D10066023E /* MediaReactor.swift in Sources */ = {isa = PBXBuildFile; fileRef = BD34F01C217C26D10066023E /* MediaReactor.swift */; };
		BD34F01F217C2AE40066023E /* ViewController+Rx.swift in Sources */ = {isa = PBXBuildFile; fileRef = BD34F01E217C2AE40066023E /* ViewController+Rx.swift */; };
		BD34F022217C2C150066023E /* KakaoResponses.swift in Sources */ = {isa = PBXBuildFile; fileRef = BD34F021217C2C150066023E /* KakaoResponses.swift */; };
		BD34F027217C38680066023E /* Single+Network.swift in Sources */ = {isa = PBXBuildFile; fileRef = BD34F026217C38680066023E /* Single+Network.swift */; };
		BD34F029217C45C50066023E /* DefaultAlamofireManager.swift in Sources */ = {isa = PBXBuildFile; fileRef = BD34F028217C45C50066023E /* DefaultAlamofireManager.swift */; };
		BD34F02E217C49AA0066023E /* AccessTokenPlugin.swift in Sources */ = {isa = PBXBuildFile; fileRef = BD34F02D217C49A90066023E /* AccessTokenPlugin.swift */; };
		BD65707D217F41E3001F715A /* MediumSearchResult.swift in Sources */ = {isa = PBXBuildFile; fileRef = BD65707C217F41E3001F715A /* MediumSearchResult.swift */; };
		BD657080217F43F9001F715A /* MediumRepositoryType.swift in Sources */ = {isa = PBXBuildFile; fileRef = BD65707F217F43F9001F715A /* MediumRepositoryType.swift */; };
		BD657084217F4482001F715A /* RateLimitable.swift in Sources */ = {isa = PBXBuildFile; fileRef = BD657083217F4482001F715A /* RateLimitable.swift */; };
		BD657086217F46F6001F715A /* MediumSearchResult.swift in Sources */ = {isa = PBXBuildFile; fileRef = BD657085217F46F6001F715A /* MediumSearchResult.swift */; };
		BD657087217F48BA001F715A /* GeneratedMocks.swift in Sources */ = {isa = PBXBuildFile; fileRef = BD657076217F3A87001F715A /* GeneratedMocks.swift */; };
		BD6A9DE9217D8CCD001952E8 /* MediaCollectionCell.swift in Sources */ = {isa = PBXBuildFile; fileRef = BD6A9DE8217D8CCD001952E8 /* MediaCollectionCell.swift */; };
		BD8C0569217D8D7200F24EA2 /* Dimens.swift in Sources */ = {isa = PBXBuildFile; fileRef = BD8C0568217D8D7200F24EA2 /* Dimens.swift */; };
		BD945121217C8CF2001733B7 /* Media.storyboard in Resources */ = {isa = PBXBuildFile; fileRef = BD945120217C8CF2001733B7 /* Media.storyboard */; };
		BD945123217C8D46001733B7 /* Router.swift in Sources */ = {isa = PBXBuildFile; fileRef = BD945122217C8D46001733B7 /* Router.swift */; };
		BD945126217C91BB001733B7 /* ReplicateActivityIndicator.swift in Sources */ = {isa = PBXBuildFile; fileRef = BD945125217C91BB001733B7 /* ReplicateActivityIndicator.swift */; };
		BD945128217C9237001733B7 /* CGUtils.swift in Sources */ = {isa = PBXBuildFile; fileRef = BD945127217C9237001733B7 /* CGUtils.swift */; };
		BD94512B217CA0A5001733B7 /* MediumModel.swift in Sources */ = {isa = PBXBuildFile; fileRef = BD94512A217CA0A5001733B7 /* MediumModel.swift */; };
		BD94512D217CA6EE001733B7 /* MediumService.swift in Sources */ = {isa = PBXBuildFile; fileRef = BD94512C217CA6EE001733B7 /* MediumService.swift */; };
		BD94512F217CB2F3001733B7 /* MediumMapper.swift in Sources */ = {isa = PBXBuildFile; fileRef = BD94512E217CB2F3001733B7 /* MediumMapper.swift */; };
		BD945131217CBC40001733B7 /* UIEmptyState.framework in Frameworks */ = {isa = PBXBuildFile; fileRef = BD945130217CBC40001733B7 /* UIEmptyState.framework */; };
		BD945133217CC068001733B7 /* UIImage+GIF.swift in Sources */ = {isa = PBXBuildFile; fileRef = BD945132217CC068001733B7 /* UIImage+GIF.swift */; };
		BDC2C263217B666600A30107 /* AppDelegate.swift in Sources */ = {isa = PBXBuildFile; fileRef = BDC2C262217B666600A30107 /* AppDelegate.swift */; };
		BDC2C268217B666600A30107 /* Main.storyboard in Resources */ = {isa = PBXBuildFile; fileRef = BDC2C266217B666600A30107 /* Main.storyboard */; };
		BDC2C26D217B666700A30107 /* Assets.xcassets in Resources */ = {isa = PBXBuildFile; fileRef = BDC2C26C217B666700A30107 /* Assets.xcassets */; };
		BDC2C270217B666700A30107 /* LaunchScreen.storyboard in Resources */ = {isa = PBXBuildFile; fileRef = BDC2C26E217B666700A30107 /* LaunchScreen.storyboard */; };
		BDC2C27B217B666800A30107 /* TylerQuickMediaTests.swift in Sources */ = {isa = PBXBuildFile; fileRef = BDC2C27A217B666800A30107 /* TylerQuickMediaTests.swift */; };
		BDC2C286217B666800A30107 /* TylerQuickMediaUITests.swift in Sources */ = {isa = PBXBuildFile; fileRef = BDC2C285217B666800A30107 /* TylerQuickMediaUITests.swift */; };
		BDC2C299217B69E600A30107 /* Logger.swift in Sources */ = {isa = PBXBuildFile; fileRef = BDC2C298217B69E600A30107 /* Logger.swift */; };
		BDC2C29D217B6A5E00A30107 /* color.txt in Resources */ = {isa = PBXBuildFile; fileRef = BDC2C29C217B6A5E00A30107 /* color.txt */; };
		BDC2C2A3217B6C9400A30107 /* swiftgen.yml in Resources */ = {isa = PBXBuildFile; fileRef = BDC2C2A2217B6C9400A30107 /* swiftgen.yml */; };
		BDC2C2A6217B6CE700A30107 /* Localizable.strings in Resources */ = {isa = PBXBuildFile; fileRef = BDC2C2A4217B6CE700A30107 /* Localizable.strings */; };
		BDC2C2AD217B715000A30107 /* Pods_TylerQuickMedia.framework in Frameworks */ = {isa = PBXBuildFile; fileRef = BDC2C2AC217B715000A30107 /* Pods_TylerQuickMedia.framework */; };
		BDC2C2B2217B726300A30107 /* MyColor.swift in Sources */ = {isa = PBXBuildFile; fileRef = BDC2C2AE217B726300A30107 /* MyColor.swift */; };
		BDC2C2B3217B726300A30107 /* Fonts.swift in Sources */ = {isa = PBXBuildFile; fileRef = BDC2C2AF217B726300A30107 /* Fonts.swift */; };
		BDC2C2B4217B726300A30107 /* Assets.swift in Sources */ = {isa = PBXBuildFile; fileRef = BDC2C2B0217B726300A30107 /* Assets.swift */; };
		BDC2C2B5217B726300A30107 /* L10n.swift in Sources */ = {isa = PBXBuildFile; fileRef = BDC2C2B1217B726300A30107 /* L10n.swift */; };
		BDC2C2B7217B727000A30107 /* .gitignore in Resources */ = {isa = PBXBuildFile; fileRef = BDC2C2B6217B727000A30107 /* .gitignore */; };
		BDC2C2BE217B72B700A30107 /* SwiftNameIdentifier.swift in Sources */ = {isa = PBXBuildFile; fileRef = BDC2C2BA217B72B700A30107 /* SwiftNameIdentifier.swift */; };
		BDC2C2BF217B72B700A30107 /* StoryboardInitializable.swift in Sources */ = {isa = PBXBuildFile; fileRef = BDC2C2BB217B72B700A30107 /* StoryboardInitializable.swift */; };
		BDC2C2C0217B72B700A30107 /* NibWithSwiftName.swift in Sources */ = {isa = PBXBuildFile; fileRef = BDC2C2BC217B72B700A30107 /* NibWithSwiftName.swift */; };
		BDC2C2C1217B72B700A30107 /* HasDisposeBag.swift in Sources */ = {isa = PBXBuildFile; fileRef = BDC2C2BD217B72B700A30107 /* HasDisposeBag.swift */; };
		BDC2C2F4217B7D8C00A30107 /* KakaoRequests.swift in Sources */ = {isa = PBXBuildFile; fileRef = BDC2C2F3217B7D8C00A30107 /* KakaoRequests.swift */; };
		BDC2C2F6217B843F00A30107 /* DictionarySerializable.swift in Sources */ = {isa = PBXBuildFile; fileRef = BDC2C2F5217B843F00A30107 /* DictionarySerializable.swift */; };
		BDC2C2F8217B8A8A00A30107 /* ThreadInfo.swift in Sources */ = {isa = PBXBuildFile; fileRef = BDC2C2F7217B8A8A00A30107 /* ThreadInfo.swift */; };
		BDDF4D00217DDEC900B6C4EC /* MediaViewController+Reactor.swift in Sources */ = {isa = PBXBuildFile; fileRef = BDDF4CFF217DDEC900B6C4EC /* MediaViewController+Reactor.swift */; };
		BDDF4D02217DDF0600B6C4EC /* MediaViewController+EmptyState.swift in Sources */ = {isa = PBXBuildFile; fileRef = BDDF4D01217DDF0600B6C4EC /* MediaViewController+EmptyState.swift */; };
		BDF99638217EE4900064D40B /* MediumViewModel.swift in Sources */ = {isa = PBXBuildFile; fileRef = BDF99637217EE4900064D40B /* MediumViewModel.swift */; };
		CFC25D1DBB02C4FCD6654D00 /* Pods_TylerQuickMediaUITests.framework in Frameworks */ = {isa = PBXBuildFile; fileRef = E58BC8CA288ADE69F0BD0DD5 /* Pods_TylerQuickMediaUITests.framework */; };
/* End PBXBuildFile section */

/* Begin PBXContainerItemProxy section */
		BDC2C277217B666800A30107 /* PBXContainerItemProxy */ = {
			isa = PBXContainerItemProxy;
			containerPortal = BDC2C257217B666600A30107 /* Project object */;
			proxyType = 1;
			remoteGlobalIDString = BDC2C25E217B666600A30107;
			remoteInfo = TylerQuickMedia;
		};
		BDC2C282217B666800A30107 /* PBXContainerItemProxy */ = {
			isa = PBXContainerItemProxy;
			containerPortal = BDC2C257217B666600A30107 /* Project object */;
			proxyType = 1;
			remoteGlobalIDString = BDC2C25E217B666600A30107;
			remoteInfo = TylerQuickMedia;
		};
/* End PBXContainerItemProxy section */

/* Begin PBXFileReference section */
		39E825EA20243572C6B079A1 /* Pods-TylerQuickMediaTests.release.xcconfig */ = {isa = PBXFileReference; includeInIndex = 1; lastKnownFileType = text.xcconfig; name = "Pods-TylerQuickMediaTests.release.xcconfig"; path = "Pods/Target Support Files/Pods-TylerQuickMediaTests/Pods-TylerQuickMediaTests.release.xcconfig"; sourceTree = "<group>"; };
		ABCC3E19CABE4F69A2855DE2 /* Pods-TylerQuickMedia.release.xcconfig */ = {isa = PBXFileReference; includeInIndex = 1; lastKnownFileType = text.xcconfig; name = "Pods-TylerQuickMedia.release.xcconfig"; path = "Pods/Target Support Files/Pods-TylerQuickMedia/Pods-TylerQuickMedia.release.xcconfig"; sourceTree = "<group>"; };
		BD15DDEB217C521800978A3B /* DeallocationView.swift */ = {isa = PBXFileReference; lastKnownFileType = sourcecode.swift; path = DeallocationView.swift; sourceTree = "<group>"; };
		BD15DDEE217C53CB00978A3B /* Medium.swift */ = {isa = PBXFileReference; lastKnownFileType = sourcecode.swift; path = Medium.swift; sourceTree = "<group>"; };
		BD15DDF3217C599000978A3B /* NaverApi.swift */ = {isa = PBXFileReference; lastKnownFileType = sourcecode.swift; path = NaverApi.swift; sourceTree = "<group>"; };
		BD15DDF5217C5ADA00978A3B /* NaverRequests.swift */ = {isa = PBXFileReference; lastKnownFileType = sourcecode.swift; path = NaverRequests.swift; sourceTree = "<group>"; };
		BD15DDF7217C5C0900978A3B /* NaverResponses.swift */ = {isa = PBXFileReference; lastKnownFileType = sourcecode.swift; path = NaverResponses.swift; sourceTree = "<group>"; };
		BD15DDF9217C5D9700978A3B /* NaverService.swift */ = {isa = PBXFileReference; lastKnownFileType = sourcecode.swift; path = NaverService.swift; sourceTree = "<group>"; };
		BD34F008217C19A60066023E /* Enviroment.swift */ = {isa = PBXFileReference; lastKnownFileType = sourcecode.swift; path = Enviroment.swift; sourceTree = "<group>"; };
		BD34F00C217C1B080066023E /* SwinjectStoryboard+setup.swift */ = {isa = PBXFileReference; lastKnownFileType = sourcecode.swift; path = "SwinjectStoryboard+setup.swift"; sourceTree = "<group>"; };
		BD34F00E217C1CB00066023E /* Inject.swift */ = {isa = PBXFileReference; lastKnownFileType = sourcecode.swift; path = Inject.swift; sourceTree = "<group>"; };
		BD34F011217C1F360066023E /* KakaoApi.swift */ = {isa = PBXFileReference; fileEncoding = 4; lastKnownFileType = sourcecode.swift; path = KakaoApi.swift; sourceTree = "<group>"; };
		BD34F015217C1F650066023E /* KakaoService.swift */ = {isa = PBXFileReference; lastKnownFileType = sourcecode.swift; path = KakaoService.swift; sourceTree = "<group>"; };
		BD34F017217C1F7B0066023E /* ServiceTypes.swift */ = {isa = PBXFileReference; lastKnownFileType = sourcecode.swift; path = ServiceTypes.swift; sourceTree = "<group>"; };
		BD34F01A217C26C80066023E /* MediaViewController.swift */ = {isa = PBXFileReference; lastKnownFileType = sourcecode.swift; path = MediaViewController.swift; sourceTree = "<group>"; };
		BD34F01C217C26D10066023E /* MediaReactor.swift */ = {isa = PBXFileReference; lastKnownFileType = sourcecode.swift; path = MediaReactor.swift; sourceTree = "<group>"; };
		BD34F01E217C2AE40066023E /* ViewController+Rx.swift */ = {isa = PBXFileReference; lastKnownFileType = sourcecode.swift; path = "ViewController+Rx.swift"; sourceTree = "<group>"; };
		BD34F021217C2C150066023E /* KakaoResponses.swift */ = {isa = PBXFileReference; lastKnownFileType = sourcecode.swift; path = KakaoResponses.swift; sourceTree = "<group>"; };
		BD34F026217C38680066023E /* Single+Network.swift */ = {isa = PBXFileReference; lastKnownFileType = sourcecode.swift; path = "Single+Network.swift"; sourceTree = "<group>"; };
		BD34F028217C45C50066023E /* DefaultAlamofireManager.swift */ = {isa = PBXFileReference; lastKnownFileType = sourcecode.swift; path = DefaultAlamofireManager.swift; sourceTree = "<group>"; };
		BD34F02D217C49A90066023E /* AccessTokenPlugin.swift */ = {isa = PBXFileReference; lastKnownFileType = sourcecode.swift; path = AccessTokenPlugin.swift; sourceTree = "<group>"; };
		BD657076217F3A87001F715A /* GeneratedMocks.swift */ = {isa = PBXFileReference; fileEncoding = 4; lastKnownFileType = sourcecode.swift; path = GeneratedMocks.swift; sourceTree = "<group>"; };
		BD65707C217F41E3001F715A /* MediumSearchResult.swift */ = {isa = PBXFileReference; lastKnownFileType = sourcecode.swift; path = MediumSearchResult.swift; sourceTree = "<group>"; };
		BD65707F217F43F9001F715A /* MediumRepositoryType.swift */ = {isa = PBXFileReference; lastKnownFileType = sourcecode.swift; path = MediumRepositoryType.swift; sourceTree = "<group>"; };
		BD657083217F4482001F715A /* RateLimitable.swift */ = {isa = PBXFileReference; lastKnownFileType = sourcecode.swift; path = RateLimitable.swift; sourceTree = "<group>"; };
		BD657085217F46F6001F715A /* MediumSearchResult.swift */ = {isa = PBXFileReference; lastKnownFileType = sourcecode.swift; path = MediumSearchResult.swift; sourceTree = "<group>"; };
		BD6A9DE8217D8CCD001952E8 /* MediaCollectionCell.swift */ = {isa = PBXFileReference; lastKnownFileType = sourcecode.swift; path = MediaCollectionCell.swift; sourceTree = "<group>"; };
		BD8C0568217D8D7200F24EA2 /* Dimens.swift */ = {isa = PBXFileReference; lastKnownFileType = sourcecode.swift; path = Dimens.swift; sourceTree = "<group>"; };
		BD945120217C8CF2001733B7 /* Media.storyboard */ = {isa = PBXFileReference; lastKnownFileType = file.storyboard; path = Media.storyboard; sourceTree = "<group>"; };
		BD945122217C8D46001733B7 /* Router.swift */ = {isa = PBXFileReference; lastKnownFileType = sourcecode.swift; path = Router.swift; sourceTree = "<group>"; };
		BD945125217C91BB001733B7 /* ReplicateActivityIndicator.swift */ = {isa = PBXFileReference; lastKnownFileType = sourcecode.swift; path = ReplicateActivityIndicator.swift; sourceTree = "<group>"; };
		BD945127217C9237001733B7 /* CGUtils.swift */ = {isa = PBXFileReference; lastKnownFileType = sourcecode.swift; path = CGUtils.swift; sourceTree = "<group>"; };
		BD94512A217CA0A5001733B7 /* MediumModel.swift */ = {isa = PBXFileReference; lastKnownFileType = sourcecode.swift; path = MediumModel.swift; sourceTree = "<group>"; };
		BD94512C217CA6EE001733B7 /* MediumService.swift */ = {isa = PBXFileReference; lastKnownFileType = sourcecode.swift; path = MediumService.swift; sourceTree = "<group>"; };
		BD94512E217CB2F3001733B7 /* MediumMapper.swift */ = {isa = PBXFileReference; lastKnownFileType = sourcecode.swift; path = MediumMapper.swift; sourceTree = "<group>"; };
		BD945130217CBC40001733B7 /* UIEmptyState.framework */ = {isa = PBXFileReference; lastKnownFileType = wrapper.framework; name = UIEmptyState.framework; path = Carthage/Build/iOS/UIEmptyState.framework; sourceTree = "<group>"; };
		BD945132217CC068001733B7 /* UIImage+GIF.swift */ = {isa = PBXFileReference; lastKnownFileType = sourcecode.swift; path = "UIImage+GIF.swift"; sourceTree = "<group>"; };
		BDC2C25F217B666600A30107 /* TylerQuickMedia.app */ = {isa = PBXFileReference; explicitFileType = wrapper.application; includeInIndex = 0; path = TylerQuickMedia.app; sourceTree = BUILT_PRODUCTS_DIR; };
		BDC2C262217B666600A30107 /* AppDelegate.swift */ = {isa = PBXFileReference; lastKnownFileType = sourcecode.swift; path = AppDelegate.swift; sourceTree = "<group>"; };
		BDC2C267217B666600A30107 /* Base */ = {isa = PBXFileReference; lastKnownFileType = file.storyboard; name = Base; path = Base.lproj/Main.storyboard; sourceTree = "<group>"; };
		BDC2C26C217B666700A30107 /* Assets.xcassets */ = {isa = PBXFileReference; lastKnownFileType = folder.assetcatalog; path = Assets.xcassets; sourceTree = "<group>"; };
		BDC2C26F217B666700A30107 /* Base */ = {isa = PBXFileReference; lastKnownFileType = file.storyboard; name = Base; path = Base.lproj/LaunchScreen.storyboard; sourceTree = "<group>"; };
		BDC2C271217B666700A30107 /* Info.plist */ = {isa = PBXFileReference; lastKnownFileType = text.plist.xml; path = Info.plist; sourceTree = "<group>"; };
		BDC2C276217B666800A30107 /* TylerQuickMediaTests.xctest */ = {isa = PBXFileReference; explicitFileType = wrapper.cfbundle; includeInIndex = 0; path = TylerQuickMediaTests.xctest; sourceTree = BUILT_PRODUCTS_DIR; };
		BDC2C27A217B666800A30107 /* TylerQuickMediaTests.swift */ = {isa = PBXFileReference; lastKnownFileType = sourcecode.swift; path = TylerQuickMediaTests.swift; sourceTree = "<group>"; };
		BDC2C27C217B666800A30107 /* Info.plist */ = {isa = PBXFileReference; lastKnownFileType = text.plist.xml; path = Info.plist; sourceTree = "<group>"; };
		BDC2C281217B666800A30107 /* TylerQuickMediaUITests.xctest */ = {isa = PBXFileReference; explicitFileType = wrapper.cfbundle; includeInIndex = 0; path = TylerQuickMediaUITests.xctest; sourceTree = BUILT_PRODUCTS_DIR; };
		BDC2C285217B666800A30107 /* TylerQuickMediaUITests.swift */ = {isa = PBXFileReference; lastKnownFileType = sourcecode.swift; path = TylerQuickMediaUITests.swift; sourceTree = "<group>"; };
		BDC2C287217B666800A30107 /* Info.plist */ = {isa = PBXFileReference; lastKnownFileType = text.plist.xml; path = Info.plist; sourceTree = "<group>"; };
		BDC2C298217B69E600A30107 /* Logger.swift */ = {isa = PBXFileReference; lastKnownFileType = sourcecode.swift; path = Logger.swift; sourceTree = "<group>"; };
		BDC2C29C217B6A5E00A30107 /* color.txt */ = {isa = PBXFileReference; fileEncoding = 4; lastKnownFileType = text; path = color.txt; sourceTree = "<group>"; };
		BDC2C2A2217B6C9400A30107 /* swiftgen.yml */ = {isa = PBXFileReference; fileEncoding = 4; lastKnownFileType = text; path = swiftgen.yml; sourceTree = "<group>"; };
		BDC2C2A5217B6CE700A30107 /* Base */ = {isa = PBXFileReference; lastKnownFileType = text.plist.strings; name = Base; path = Base.lproj/Localizable.strings; sourceTree = "<group>"; };
		BDC2C2A9217B6D4400A30107 /* Pods_TylerQuickMedia.framework */ = {isa = PBXFileReference; explicitFileType = wrapper.framework; path = Pods_TylerQuickMedia.framework; sourceTree = BUILT_PRODUCTS_DIR; };
		BDC2C2AC217B715000A30107 /* Pods_TylerQuickMedia.framework */ = {isa = PBXFileReference; explicitFileType = wrapper.framework; path = Pods_TylerQuickMedia.framework; sourceTree = BUILT_PRODUCTS_DIR; };
		BDC2C2AE217B726300A30107 /* MyColor.swift */ = {isa = PBXFileReference; fileEncoding = 4; lastKnownFileType = sourcecode.swift; path = MyColor.swift; sourceTree = "<group>"; };
		BDC2C2AF217B726300A30107 /* Fonts.swift */ = {isa = PBXFileReference; fileEncoding = 4; lastKnownFileType = sourcecode.swift; path = Fonts.swift; sourceTree = "<group>"; };
		BDC2C2B0217B726300A30107 /* Assets.swift */ = {isa = PBXFileReference; fileEncoding = 4; lastKnownFileType = sourcecode.swift; path = Assets.swift; sourceTree = "<group>"; };
		BDC2C2B1217B726300A30107 /* L10n.swift */ = {isa = PBXFileReference; fileEncoding = 4; lastKnownFileType = sourcecode.swift; path = L10n.swift; sourceTree = "<group>"; };
		BDC2C2B6217B727000A30107 /* .gitignore */ = {isa = PBXFileReference; fileEncoding = 4; lastKnownFileType = text; path = .gitignore; sourceTree = "<group>"; };
		BDC2C2BA217B72B700A30107 /* SwiftNameIdentifier.swift */ = {isa = PBXFileReference; fileEncoding = 4; lastKnownFileType = sourcecode.swift; path = SwiftNameIdentifier.swift; sourceTree = "<group>"; };
		BDC2C2BB217B72B700A30107 /* StoryboardInitializable.swift */ = {isa = PBXFileReference; fileEncoding = 4; lastKnownFileType = sourcecode.swift; path = StoryboardInitializable.swift; sourceTree = "<group>"; };
		BDC2C2BC217B72B700A30107 /* NibWithSwiftName.swift */ = {isa = PBXFileReference; fileEncoding = 4; lastKnownFileType = sourcecode.swift; path = NibWithSwiftName.swift; sourceTree = "<group>"; };
		BDC2C2BD217B72B700A30107 /* HasDisposeBag.swift */ = {isa = PBXFileReference; fileEncoding = 4; lastKnownFileType = sourcecode.swift; path = HasDisposeBag.swift; sourceTree = "<group>"; };
		BDC2C2C2217B73D400A30107 /* Differentiator.framework */ = {isa = PBXFileReference; lastKnownFileType = wrapper.framework; name = Differentiator.framework; path = Carthage/Build/iOS/Differentiator.framework; sourceTree = "<group>"; };
		BDC2C2C3217B73D400A30107 /* IGListKit.framework */ = {isa = PBXFileReference; lastKnownFileType = wrapper.framework; name = IGListKit.framework; path = Carthage/Build/iOS/IGListKit.framework; sourceTree = "<group>"; };
		BDC2C2C4217B73D400A30107 /* RxMoya.framework */ = {isa = PBXFileReference; lastKnownFileType = wrapper.framework; name = RxMoya.framework; path = Carthage/Build/iOS/RxMoya.framework; sourceTree = "<group>"; };
		BDC2C2C5217B73D400A30107 /* RxTest.framework */ = {isa = PBXFileReference; lastKnownFileType = wrapper.framework; name = RxTest.framework; path = Carthage/Build/iOS/RxTest.framework; sourceTree = "<group>"; };
		BDC2C2C6217B73D400A30107 /* SnapKit.framework */ = {isa = PBXFileReference; lastKnownFileType = wrapper.framework; name = SnapKit.framework; path = Carthage/Build/iOS/SnapKit.framework; sourceTree = "<group>"; };
		BDC2C2C7217B73D400A30107 /* SwiftRichString.framework */ = {isa = PBXFileReference; lastKnownFileType = wrapper.framework; name = SwiftRichString.framework; path = Carthage/Build/iOS/SwiftRichString.framework; sourceTree = "<group>"; };
		BDC2C2C8217B73D400A30107 /* RxCocoa.framework */ = {isa = PBXFileReference; lastKnownFileType = wrapper.framework; name = RxCocoa.framework; path = Carthage/Build/iOS/RxCocoa.framework; sourceTree = "<group>"; };
		BDC2C2C9217B73D400A30107 /* Result.framework */ = {isa = PBXFileReference; lastKnownFileType = wrapper.framework; name = Result.framework; path = Carthage/Build/iOS/Result.framework; sourceTree = "<group>"; };
		BDC2C2CA217B73D400A30107 /* RxBlocking.framework */ = {isa = PBXFileReference; lastKnownFileType = wrapper.framework; name = RxBlocking.framework; path = Carthage/Build/iOS/RxBlocking.framework; sourceTree = "<group>"; };
		BDC2C2CB217B73D400A30107 /* RxOptional.framework */ = {isa = PBXFileReference; lastKnownFileType = wrapper.framework; name = RxOptional.framework; path = Carthage/Build/iOS/RxOptional.framework; sourceTree = "<group>"; };
		BDC2C2CC217B73D400A30107 /* ReactiveSwift.framework */ = {isa = PBXFileReference; lastKnownFileType = wrapper.framework; name = ReactiveSwift.framework; path = Carthage/Build/iOS/ReactiveSwift.framework; sourceTree = "<group>"; };
		BDC2C2CD217B73D400A30107 /* ReactiveMoya.framework */ = {isa = PBXFileReference; lastKnownFileType = wrapper.framework; name = ReactiveMoya.framework; path = Carthage/Build/iOS/ReactiveMoya.framework; sourceTree = "<group>"; };
		BDC2C2CE217B73D400A30107 /* DeallocationChecker.framework */ = {isa = PBXFileReference; lastKnownFileType = wrapper.framework; name = DeallocationChecker.framework; path = Carthage/Build/iOS/DeallocationChecker.framework; sourceTree = "<group>"; };
		BDC2C2CF217B73D400A30107 /* RxSwift.framework */ = {isa = PBXFileReference; lastKnownFileType = wrapper.framework; name = RxSwift.framework; path = Carthage/Build/iOS/RxSwift.framework; sourceTree = "<group>"; };
		BDC2C2D0217B73D400A30107 /* SwiftyBeaver.framework */ = {isa = PBXFileReference; lastKnownFileType = wrapper.framework; name = SwiftyBeaver.framework; path = Carthage/Build/iOS/SwiftyBeaver.framework; sourceTree = "<group>"; };
		BDC2C2D1217B73D400A30107 /* Alamofire.framework */ = {isa = PBXFileReference; lastKnownFileType = wrapper.framework; name = Alamofire.framework; path = Carthage/Build/iOS/Alamofire.framework; sourceTree = "<group>"; };
		BDC2C2D2217B73D400A30107 /* RxDataSources.framework */ = {isa = PBXFileReference; lastKnownFileType = wrapper.framework; name = RxDataSources.framework; path = Carthage/Build/iOS/RxDataSources.framework; sourceTree = "<group>"; };
		BDC2C2D3217B73D400A30107 /* Moya.framework */ = {isa = PBXFileReference; lastKnownFileType = wrapper.framework; name = Moya.framework; path = Carthage/Build/iOS/Moya.framework; sourceTree = "<group>"; };
		BDC2C2F3217B7D8C00A30107 /* KakaoRequests.swift */ = {isa = PBXFileReference; lastKnownFileType = sourcecode.swift; path = KakaoRequests.swift; sourceTree = "<group>"; };
		BDC2C2F5217B843F00A30107 /* DictionarySerializable.swift */ = {isa = PBXFileReference; lastKnownFileType = sourcecode.swift; path = DictionarySerializable.swift; sourceTree = "<group>"; };
		BDC2C2F7217B8A8A00A30107 /* ThreadInfo.swift */ = {isa = PBXFileReference; lastKnownFileType = sourcecode.swift; path = ThreadInfo.swift; sourceTree = "<group>"; };
		BDDF4CFF217DDEC900B6C4EC /* MediaViewController+Reactor.swift */ = {isa = PBXFileReference; lastKnownFileType = sourcecode.swift; path = "MediaViewController+Reactor.swift"; sourceTree = "<group>"; };
		BDDF4D01217DDF0600B6C4EC /* MediaViewController+EmptyState.swift */ = {isa = PBXFileReference; lastKnownFileType = sourcecode.swift; path = "MediaViewController+EmptyState.swift"; sourceTree = "<group>"; };
		BDF99637217EE4900064D40B /* MediumViewModel.swift */ = {isa = PBXFileReference; lastKnownFileType = sourcecode.swift; path = MediumViewModel.swift; sourceTree = "<group>"; };
		C195F91F40CC13CBDF4880E3 /* Pods-TylerQuickMedia.debug.xcconfig */ = {isa = PBXFileReference; includeInIndex = 1; lastKnownFileType = text.xcconfig; name = "Pods-TylerQuickMedia.debug.xcconfig"; path = "Pods/Target Support Files/Pods-TylerQuickMedia/Pods-TylerQuickMedia.debug.xcconfig"; sourceTree = "<group>"; };
		C6296536AB41DFE8360D4291 /* Pods-TylerQuickMediaUITests.debug.xcconfig */ = {isa = PBXFileReference; includeInIndex = 1; lastKnownFileType = text.xcconfig; name = "Pods-TylerQuickMediaUITests.debug.xcconfig"; path = "Pods/Target Support Files/Pods-TylerQuickMediaUITests/Pods-TylerQuickMediaUITests.debug.xcconfig"; sourceTree = "<group>"; };
		C7CADA137F115014A33D05BF /* Pods-TylerQuickMediaUITests.release.xcconfig */ = {isa = PBXFileReference; includeInIndex = 1; lastKnownFileType = text.xcconfig; name = "Pods-TylerQuickMediaUITests.release.xcconfig"; path = "Pods/Target Support Files/Pods-TylerQuickMediaUITests/Pods-TylerQuickMediaUITests.release.xcconfig"; sourceTree = "<group>"; };
		E58BC8CA288ADE69F0BD0DD5 /* Pods_TylerQuickMediaUITests.framework */ = {isa = PBXFileReference; explicitFileType = wrapper.framework; includeInIndex = 0; path = Pods_TylerQuickMediaUITests.framework; sourceTree = BUILT_PRODUCTS_DIR; };
		EC8D47B958AB465AB6CE4EA2 /* Pods_TylerQuickMediaTests.framework */ = {isa = PBXFileReference; explicitFileType = wrapper.framework; includeInIndex = 0; path = Pods_TylerQuickMediaTests.framework; sourceTree = BUILT_PRODUCTS_DIR; };
		F797908061889DDB672E5688 /* Pods-TylerQuickMediaTests.debug.xcconfig */ = {isa = PBXFileReference; includeInIndex = 1; lastKnownFileType = text.xcconfig; name = "Pods-TylerQuickMediaTests.debug.xcconfig"; path = "Pods/Target Support Files/Pods-TylerQuickMediaTests/Pods-TylerQuickMediaTests.debug.xcconfig"; sourceTree = "<group>"; };
/* End PBXFileReference section */

/* Begin PBXFrameworksBuildPhase section */
		BDC2C25C217B666600A30107 /* Frameworks */ = {
			isa = PBXFrameworksBuildPhase;
			buildActionMask = 2147483647;
			files = (
				BDC2C2AD217B715000A30107 /* Pods_TylerQuickMedia.framework in Frameworks */,
				BD945131217CBC40001733B7 /* UIEmptyState.framework in Frameworks */,
			);
			runOnlyForDeploymentPostprocessing = 0;
		};
		BDC2C273217B666800A30107 /* Frameworks */ = {
			isa = PBXFrameworksBuildPhase;
			buildActionMask = 2147483647;
			files = (
				880BDA025598B15BD91C76AB /* Pods_TylerQuickMediaTests.framework in Frameworks */,
			);
			runOnlyForDeploymentPostprocessing = 0;
		};
		BDC2C27E217B666800A30107 /* Frameworks */ = {
			isa = PBXFrameworksBuildPhase;
			buildActionMask = 2147483647;
			files = (
				CFC25D1DBB02C4FCD6654D00 /* Pods_TylerQuickMediaUITests.framework in Frameworks */,
			);
			runOnlyForDeploymentPostprocessing = 0;
		};
/* End PBXFrameworksBuildPhase section */

/* Begin PBXGroup section */
		9286968C5C9347CEA9B058F8 /* Pods */ = {
			isa = PBXGroup;
			children = (
				C195F91F40CC13CBDF4880E3 /* Pods-TylerQuickMedia.debug.xcconfig */,
				ABCC3E19CABE4F69A2855DE2 /* Pods-TylerQuickMedia.release.xcconfig */,
				F797908061889DDB672E5688 /* Pods-TylerQuickMediaTests.debug.xcconfig */,
				39E825EA20243572C6B079A1 /* Pods-TylerQuickMediaTests.release.xcconfig */,
				C6296536AB41DFE8360D4291 /* Pods-TylerQuickMediaUITests.debug.xcconfig */,
				C7CADA137F115014A33D05BF /* Pods-TylerQuickMediaUITests.release.xcconfig */,
			);
			name = Pods;
			sourceTree = "<group>";
		};
		BD067002217F375A00B3F1AF /* Persistence */ = {
			isa = PBXGroup;
			children = (
				BD94512A217CA0A5001733B7 /* MediumModel.swift */,
				BD65707C217F41E3001F715A /* MediumSearchResult.swift */,
			);
			path = Persistence;
			sourceTree = "<group>";
		};
		BD15DDED217C53BF00978A3B /* Model */ = {
			isa = PBXGroup;
			children = (
				BD657083217F4482001F715A /* RateLimitable.swift */,
				BD067002217F375A00B3F1AF /* Persistence */,
				BD15DDEE217C53CB00978A3B /* Medium.swift */,
			);
			path = Model;
			sourceTree = "<group>";
		};
		BD34F00A217C19AB0066023E /* Config */ = {
			isa = PBXGroup;
			children = (
				BD34F008217C19A60066023E /* Enviroment.swift */,
			);
			path = Config;
			sourceTree = "<group>";
		};
		BD34F00B217C1AFC0066023E /* Inject */ = {
			isa = PBXGroup;
			children = (
				BD34F00C217C1B080066023E /* SwinjectStoryboard+setup.swift */,
				BD34F00E217C1CB00066023E /* Inject.swift */,
			);
			path = Inject;
			sourceTree = "<group>";
		};
		BD34F013217C1F500066023E /* Api */ = {
			isa = PBXGroup;
			children = (
				BD34F011217C1F360066023E /* KakaoApi.swift */,
				BD15DDF3217C599000978A3B /* NaverApi.swift */,
			);
			path = Api;
			sourceTree = "<group>";
		};
		BD34F019217C26A10066023E /* Media */ = {
			isa = PBXGroup;
			children = (
				BD34F01A217C26C80066023E /* MediaViewController.swift */,
				BDDF4CFF217DDEC900B6C4EC /* MediaViewController+Reactor.swift */,
				BDDF4D01217DDF0600B6C4EC /* MediaViewController+EmptyState.swift */,
				BD34F01C217C26D10066023E /* MediaReactor.swift */,
				BD945120217C8CF2001733B7 /* Media.storyboard */,
				BDF99637217EE4900064D40B /* MediumViewModel.swift */,
				BD94512E217CB2F3001733B7 /* MediumMapper.swift */,
				BD6A9DE8217D8CCD001952E8 /* MediaCollectionCell.swift */,
			);
			path = Media;
			sourceTree = "<group>";
		};
		BD34F020217C2C030066023E /* Responses */ = {
			isa = PBXGroup;
			children = (
				BD34F021217C2C150066023E /* KakaoResponses.swift */,
				BD15DDF7217C5C0900978A3B /* NaverResponses.swift */,
			);
			path = Responses;
			sourceTree = "<group>";
		};
		BD34F02A217C46CC0066023E /* Service */ = {
			isa = PBXGroup;
			children = (
				BD34F017217C1F7B0066023E /* ServiceTypes.swift */,
				BD34F015217C1F650066023E /* KakaoService.swift */,
				BD15DDF9217C5D9700978A3B /* NaverService.swift */,
				BD94512C217CA6EE001733B7 /* MediumService.swift */,
			);
			path = Service;
			sourceTree = "<group>";
		};
		BD65707E217F43EC001F715A /* Repository */ = {
			isa = PBXGroup;
			children = (
				BD65707F217F43F9001F715A /* MediumRepositoryType.swift */,
			);
			path = Repository;
			sourceTree = "<group>";
		};
		BD8D98C8217DBDEB00961629 /* Views */ = {
			isa = PBXGroup;
			children = (
				BDC2C2BC217B72B700A30107 /* NibWithSwiftName.swift */,
				BD34F01E217C2AE40066023E /* ViewController+Rx.swift */,
				BD15DDEB217C521800978A3B /* DeallocationView.swift */,
				BD945127217C9237001733B7 /* CGUtils.swift */,
				BD945132217CC068001733B7 /* UIImage+GIF.swift */,
				BDC2C2BB217B72B700A30107 /* StoryboardInitializable.swift */,
				BD945125217C91BB001733B7 /* ReplicateActivityIndicator.swift */,
			);
			path = Views;
			sourceTree = "<group>";
		};
		BD945129217C9E59001733B7 /* UI */ = {
			isa = PBXGroup;
			children = (
				BD8D98C8217DBDEB00961629 /* Views */,
				BD34F019217C26A10066023E /* Media */,
			);
			path = UI;
			sourceTree = "<group>";
		};
		BDC2C256217B666600A30107 = {
			isa = PBXGroup;
			children = (
				BDC2C2B6217B727000A30107 /* .gitignore */,
				BDC2C2A2217B6C9400A30107 /* swiftgen.yml */,
				BDC2C2A0217B6B4800A30107 /* Generated */,
				BDC2C261217B666600A30107 /* TylerQuickMedia */,
				BDC2C279217B666800A30107 /* TylerQuickMediaTests */,
				BDC2C284217B666800A30107 /* TylerQuickMediaUITests */,
				BDC2C260217B666600A30107 /* Products */,
				BDC2C2A8217B6D4400A30107 /* Frameworks */,
				9286968C5C9347CEA9B058F8 /* Pods */,
			);
			sourceTree = "<group>";
		};
		BDC2C260217B666600A30107 /* Products */ = {
			isa = PBXGroup;
			children = (
				BDC2C25F217B666600A30107 /* TylerQuickMedia.app */,
				BDC2C276217B666800A30107 /* TylerQuickMediaTests.xctest */,
				BDC2C281217B666800A30107 /* TylerQuickMediaUITests.xctest */,
			);
			name = Products;
			sourceTree = "<group>";
		};
		BDC2C261217B666600A30107 /* TylerQuickMedia */ = {
			isa = PBXGroup;
			children = (
				BD65707E217F43EC001F715A /* Repository */,
				BD945129217C9E59001733B7 /* UI */,
				BD15DDED217C53BF00978A3B /* Model */,
				BD34F00B217C1AFC0066023E /* Inject */,
				BDC2C2ED217B7B6E00A30107 /* Network */,
				BDC2C2B9217B72AB00A30107 /* Common */,
				BD34F00A217C19AB0066023E /* Config */,
				BDC2C29B217B6A2900A30107 /* Resources */,
				BDC2C297217B69D900A30107 /* Logger */,
				BDC2C29F217B6AD600A30107 /* Route */,
				BDC2C262217B666600A30107 /* AppDelegate.swift */,
				BDC2C266217B666600A30107 /* Main.storyboard */,
				BDC2C26C217B666700A30107 /* Assets.xcassets */,
				BDC2C26E217B666700A30107 /* LaunchScreen.storyboard */,
				BDC2C271217B666700A30107 /* Info.plist */,
				BDC2C2A4217B6CE700A30107 /* Localizable.strings */,
			);
			path = TylerQuickMedia;
			sourceTree = "<group>";
		};
		BDC2C279217B666800A30107 /* TylerQuickMediaTests */ = {
			isa = PBXGroup;
			children = (
				BD657085217F46F6001F715A /* MediumSearchResult.swift */,
				BD657076217F3A87001F715A /* GeneratedMocks.swift */,
				BDC2C27A217B666800A30107 /* TylerQuickMediaTests.swift */,
				BDC2C27C217B666800A30107 /* Info.plist */,
			);
			path = TylerQuickMediaTests;
			sourceTree = "<group>";
		};
		BDC2C284217B666800A30107 /* TylerQuickMediaUITests */ = {
			isa = PBXGroup;
			children = (
				BDC2C285217B666800A30107 /* TylerQuickMediaUITests.swift */,
				BDC2C287217B666800A30107 /* Info.plist */,
			);
			path = TylerQuickMediaUITests;
			sourceTree = "<group>";
		};
		BDC2C297217B69D900A30107 /* Logger */ = {
			isa = PBXGroup;
			children = (
				BDC2C298217B69E600A30107 /* Logger.swift */,
			);
			path = Logger;
			sourceTree = "<group>";
		};
		BDC2C29B217B6A2900A30107 /* Resources */ = {
			isa = PBXGroup;
			children = (
				BDC2C29E217B6A6100A30107 /* Fonts */,
				BDC2C29C217B6A5E00A30107 /* color.txt */,
				BD8C0568217D8D7200F24EA2 /* Dimens.swift */,
			);
			path = Resources;
			sourceTree = "<group>";
		};
		BDC2C29E217B6A6100A30107 /* Fonts */ = {
			isa = PBXGroup;
			children = (
			);
			path = Fonts;
			sourceTree = "<group>";
		};
		BDC2C29F217B6AD600A30107 /* Route */ = {
			isa = PBXGroup;
			children = (
				BD945122217C8D46001733B7 /* Router.swift */,
			);
			path = Route;
			sourceTree = "<group>";
		};
		BDC2C2A0217B6B4800A30107 /* Generated */ = {
			isa = PBXGroup;
			children = (
				BDC2C2B0217B726300A30107 /* Assets.swift */,
				BDC2C2AF217B726300A30107 /* Fonts.swift */,
				BDC2C2B1217B726300A30107 /* L10n.swift */,
				BDC2C2AE217B726300A30107 /* MyColor.swift */,
			);
			path = Generated;
			sourceTree = "<group>";
		};
		BDC2C2A8217B6D4400A30107 /* Frameworks */ = {
			isa = PBXGroup;
			children = (
				BD945130217CBC40001733B7 /* UIEmptyState.framework */,
				BDC2C2D1217B73D400A30107 /* Alamofire.framework */,
				BDC2C2CE217B73D400A30107 /* DeallocationChecker.framework */,
				BDC2C2C2217B73D400A30107 /* Differentiator.framework */,
				BDC2C2C3217B73D400A30107 /* IGListKit.framework */,
				BDC2C2D3217B73D400A30107 /* Moya.framework */,
				BDC2C2CD217B73D400A30107 /* ReactiveMoya.framework */,
				BDC2C2CC217B73D400A30107 /* ReactiveSwift.framework */,
				BDC2C2C9217B73D400A30107 /* Result.framework */,
				BDC2C2CA217B73D400A30107 /* RxBlocking.framework */,
				BDC2C2C8217B73D400A30107 /* RxCocoa.framework */,
				BDC2C2D2217B73D400A30107 /* RxDataSources.framework */,
				BDC2C2C4217B73D400A30107 /* RxMoya.framework */,
				BDC2C2CB217B73D400A30107 /* RxOptional.framework */,
				BDC2C2CF217B73D400A30107 /* RxSwift.framework */,
				BDC2C2C5217B73D400A30107 /* RxTest.framework */,
				BDC2C2C6217B73D400A30107 /* SnapKit.framework */,
				BDC2C2C7217B73D400A30107 /* SwiftRichString.framework */,
				BDC2C2D0217B73D400A30107 /* SwiftyBeaver.framework */,
				BDC2C2AC217B715000A30107 /* Pods_TylerQuickMedia.framework */,
				BDC2C2A9217B6D4400A30107 /* Pods_TylerQuickMedia.framework */,
				EC8D47B958AB465AB6CE4EA2 /* Pods_TylerQuickMediaTests.framework */,
				E58BC8CA288ADE69F0BD0DD5 /* Pods_TylerQuickMediaUITests.framework */,
			);
			name = Frameworks;
			sourceTree = "<group>";
		};
		BDC2C2B9217B72AB00A30107 /* Common */ = {
			isa = PBXGroup;
			children = (
				BDC2C2BA217B72B700A30107 /* SwiftNameIdentifier.swift */,
				BDC2C2BD217B72B700A30107 /* HasDisposeBag.swift */,
				BDC2C2F5217B843F00A30107 /* DictionarySerializable.swift */,
				BDC2C2F7217B8A8A00A30107 /* ThreadInfo.swift */,
			);
			path = Common;
			sourceTree = "<group>";
		};
		BDC2C2ED217B7B6E00A30107 /* Network */ = {
			isa = PBXGroup;
			children = (
				BDC2C2F2217B7D7D00A30107 /* Requests */,
				BD34F020217C2C030066023E /* Responses */,
				BD34F013217C1F500066023E /* Api */,
				BD34F02A217C46CC0066023E /* Service */,
				BD34F026217C38680066023E /* Single+Network.swift */,
				BD34F028217C45C50066023E /* DefaultAlamofireManager.swift */,
				BD34F02D217C49A90066023E /* AccessTokenPlugin.swift */,
			);
			path = Network;
			sourceTree = "<group>";
		};
		BDC2C2F2217B7D7D00A30107 /* Requests */ = {
			isa = PBXGroup;
			children = (
				BDC2C2F3217B7D8C00A30107 /* KakaoRequests.swift */,
				BD15DDF5217C5ADA00978A3B /* NaverRequests.swift */,
			);
			path = Requests;
			sourceTree = "<group>";
		};
/* End PBXGroup section */

/* Begin PBXNativeTarget section */
		BDC2C25E217B666600A30107 /* TylerQuickMedia */ = {
			isa = PBXNativeTarget;
			buildConfigurationList = BDC2C28A217B666800A30107 /* Build configuration list for PBXNativeTarget "TylerQuickMedia" */;
			buildPhases = (
				6D7070C91755DFE90A4844BC /* [CP] Check Pods Manifest.lock */,
				BDC2C2AB217B6DB900A30107 /* SwiftGen */,
				BD657075217F396E001F715A /* Cuckoo */,
				BDC2C25B217B666600A30107 /* Sources */,
				BDC2C25C217B666600A30107 /* Frameworks */,
				BDC2C25D217B666600A30107 /* Resources */,
				BDC2C296217B695000A30107 /* [CP] Copy Carthage Resources */,
				6AE16687FDF08945AAAD15B2 /* [CP] Embed Pods Frameworks */,
				67461388F25BF1C7E554A73D /* [CP] Copy Pods Resources */,
				BDC2C2A1217B6B7D00A30107 /* SwiftLint */,
				BD15DDF0217C582C00978A3B /* Mark */,
			);
			buildRules = (
			);
			dependencies = (
			);
			name = TylerQuickMedia;
			productName = TylerQuickMedia;
			productReference = BDC2C25F217B666600A30107 /* TylerQuickMedia.app */;
			productType = "com.apple.product-type.application";
		};
		BDC2C275217B666800A30107 /* TylerQuickMediaTests */ = {
			isa = PBXNativeTarget;
			buildConfigurationList = BDC2C28D217B666800A30107 /* Build configuration list for PBXNativeTarget "TylerQuickMediaTests" */;
			buildPhases = (
				D43856F6D226F5F67B703ED0 /* [CP] Check Pods Manifest.lock */,
				BDC2C272217B666800A30107 /* Sources */,
				BDC2C273217B666800A30107 /* Frameworks */,
				BDC2C274217B666800A30107 /* Resources */,
				71EE396B7544D43FBF9986AD /* [CP] Embed Pods Frameworks */,
				7464DCF2DEC795AE8BF0041F /* [CP] Copy Pods Resources */,
			);
			buildRules = (
			);
			dependencies = (
				BDC2C278217B666800A30107 /* PBXTargetDependency */,
			);
			name = TylerQuickMediaTests;
			productName = TylerQuickMediaTests;
			productReference = BDC2C276217B666800A30107 /* TylerQuickMediaTests.xctest */;
			productType = "com.apple.product-type.bundle.unit-test";
		};
		BDC2C280217B666800A30107 /* TylerQuickMediaUITests */ = {
			isa = PBXNativeTarget;
			buildConfigurationList = BDC2C290217B666800A30107 /* Build configuration list for PBXNativeTarget "TylerQuickMediaUITests" */;
			buildPhases = (
				33B906F426234D7ACECB0EA0 /* [CP] Check Pods Manifest.lock */,
				BDC2C27D217B666800A30107 /* Sources */,
				BDC2C27E217B666800A30107 /* Frameworks */,
				BDC2C27F217B666800A30107 /* Resources */,
				ECE497ED47471686EA6518F2 /* [CP] Embed Pods Frameworks */,
				50E7EECB8F429B32AF2CD455 /* [CP] Copy Pods Resources */,
			);
			buildRules = (
			);
			dependencies = (
				BDC2C283217B666800A30107 /* PBXTargetDependency */,
			);
			name = TylerQuickMediaUITests;
			productName = TylerQuickMediaUITests;
			productReference = BDC2C281217B666800A30107 /* TylerQuickMediaUITests.xctest */;
			productType = "com.apple.product-type.bundle.ui-testing";
		};
/* End PBXNativeTarget section */

/* Begin PBXProject section */
		BDC2C257217B666600A30107 /* Project object */ = {
			isa = PBXProject;
			attributes = {
				LastSwiftUpdateCheck = 1000;
				LastUpgradeCheck = 1000;
				ORGANIZATIONNAME = tskim;
				TargetAttributes = {
					BDC2C25E217B666600A30107 = {
						CreatedOnToolsVersion = 10.0;
					};
					BDC2C275217B666800A30107 = {
						CreatedOnToolsVersion = 10.0;
						TestTargetID = BDC2C25E217B666600A30107;
					};
					BDC2C280217B666800A30107 = {
						CreatedOnToolsVersion = 10.0;
						TestTargetID = BDC2C25E217B666600A30107;
					};
				};
			};
			buildConfigurationList = BDC2C25A217B666600A30107 /* Build configuration list for PBXProject "TylerQuickMedia" */;
			compatibilityVersion = "Xcode 9.3";
			developmentRegion = en;
			hasScannedForEncodings = 0;
			knownRegions = (
				en,
				Base,
			);
			mainGroup = BDC2C256217B666600A30107;
			productRefGroup = BDC2C260217B666600A30107 /* Products */;
			projectDirPath = "";
			projectRoot = "";
			targets = (
				BDC2C25E217B666600A30107 /* TylerQuickMedia */,
				BDC2C275217B666800A30107 /* TylerQuickMediaTests */,
				BDC2C280217B666800A30107 /* TylerQuickMediaUITests */,
			);
		};
/* End PBXProject section */

/* Begin PBXResourcesBuildPhase section */
		BDC2C25D217B666600A30107 /* Resources */ = {
			isa = PBXResourcesBuildPhase;
			buildActionMask = 2147483647;
			files = (
				BDC2C270217B666700A30107 /* LaunchScreen.storyboard in Resources */,
				BDC2C2B7217B727000A30107 /* .gitignore in Resources */,
				BDC2C2A6217B6CE700A30107 /* Localizable.strings in Resources */,
				BDC2C2A3217B6C9400A30107 /* swiftgen.yml in Resources */,
				BDC2C26D217B666700A30107 /* Assets.xcassets in Resources */,
				BDC2C29D217B6A5E00A30107 /* color.txt in Resources */,
				BDC2C268217B666600A30107 /* Main.storyboard in Resources */,
				BD945121217C8CF2001733B7 /* Media.storyboard in Resources */,
			);
			runOnlyForDeploymentPostprocessing = 0;
		};
		BDC2C274217B666800A30107 /* Resources */ = {
			isa = PBXResourcesBuildPhase;
			buildActionMask = 2147483647;
			files = (
			);
			runOnlyForDeploymentPostprocessing = 0;
		};
		BDC2C27F217B666800A30107 /* Resources */ = {
			isa = PBXResourcesBuildPhase;
			buildActionMask = 2147483647;
			files = (
			);
			runOnlyForDeploymentPostprocessing = 0;
		};
/* End PBXResourcesBuildPhase section */

/* Begin PBXShellScriptBuildPhase section */
		33B906F426234D7ACECB0EA0 /* [CP] Check Pods Manifest.lock */ = {
			isa = PBXShellScriptBuildPhase;
			buildActionMask = 2147483647;
			files = (
			);
			inputFileListPaths = (
			);
			inputPaths = (
				"${PODS_PODFILE_DIR_PATH}/Podfile.lock",
				"${PODS_ROOT}/Manifest.lock",
			);
			name = "[CP] Check Pods Manifest.lock";
			outputFileListPaths = (
			);
			outputPaths = (
				"$(DERIVED_FILE_DIR)/Pods-TylerQuickMediaUITests-checkManifestLockResult.txt",
			);
			runOnlyForDeploymentPostprocessing = 0;
			shellPath = /bin/sh;
			shellScript = "diff \"${PODS_PODFILE_DIR_PATH}/Podfile.lock\" \"${PODS_ROOT}/Manifest.lock\" > /dev/null\nif [ $? != 0 ] ; then\n    # print error to STDERR\n    echo \"error: The sandbox is not in sync with the Podfile.lock. Run 'pod install' or update your CocoaPods installation.\" >&2\n    exit 1\nfi\n# This output is used by Xcode 'outputs' to avoid re-running this script phase.\necho \"SUCCESS\" > \"${SCRIPT_OUTPUT_FILE_0}\"\n";
			showEnvVarsInLog = 0;
		};
		50E7EECB8F429B32AF2CD455 /* [CP] Copy Pods Resources */ = {
			isa = PBXShellScriptBuildPhase;
			buildActionMask = 2147483647;
			files = (
			);
			inputFileListPaths = (
			);
			inputPaths = (
			);
			name = "[CP] Copy Pods Resources";
			outputFileListPaths = (
			);
			outputPaths = (
			);
			runOnlyForDeploymentPostprocessing = 0;
			shellPath = /bin/sh;
			shellScript = "\"${SRCROOT}/Pods/Target Support Files/Pods-TylerQuickMediaUITests/Pods-TylerQuickMediaUITests-resources.sh\"\n";
			showEnvVarsInLog = 0;
		};
		67461388F25BF1C7E554A73D /* [CP] Copy Pods Resources */ = {
			isa = PBXShellScriptBuildPhase;
			buildActionMask = 2147483647;
			files = (
			);
			inputFileListPaths = (
			);
			inputPaths = (
			);
			name = "[CP] Copy Pods Resources";
			outputFileListPaths = (
			);
			outputPaths = (
			);
			runOnlyForDeploymentPostprocessing = 0;
			shellPath = /bin/sh;
			shellScript = "\"${SRCROOT}/Pods/Target Support Files/Pods-TylerQuickMedia/Pods-TylerQuickMedia-resources.sh\"\n";
			showEnvVarsInLog = 0;
		};
		6AE16687FDF08945AAAD15B2 /* [CP] Embed Pods Frameworks */ = {
			isa = PBXShellScriptBuildPhase;
			buildActionMask = 2147483647;
			files = (
			);
			inputFileListPaths = (
			);
			inputPaths = (
				"${SRCROOT}/Pods/Target Support Files/Pods-TylerQuickMedia/Pods-TylerQuickMedia-frameworks.sh",
				"${BUILT_PRODUCTS_DIR}/GoogleUtilities/GoogleUtilities.framework",
				"${BUILT_PRODUCTS_DIR}/PinterestLayout/PinterestLayout.framework",
				"${BUILT_PRODUCTS_DIR}/ReactorKit/ReactorKit.framework",
				"${BUILT_PRODUCTS_DIR}/RxSwift/RxSwift.framework",
				"${BUILT_PRODUCTS_DIR}/Then/Then.framework",
				"${BUILT_PRODUCTS_DIR}/nanopb/nanopb.framework",
			);
			name = "[CP] Embed Pods Frameworks";
			outputFileListPaths = (
			);
			outputPaths = (
				"${TARGET_BUILD_DIR}/${FRAMEWORKS_FOLDER_PATH}/GoogleUtilities.framework",
				"${TARGET_BUILD_DIR}/${FRAMEWORKS_FOLDER_PATH}/PinterestLayout.framework",
				"${TARGET_BUILD_DIR}/${FRAMEWORKS_FOLDER_PATH}/ReactorKit.framework",
				"${TARGET_BUILD_DIR}/${FRAMEWORKS_FOLDER_PATH}/RxSwift.framework",
				"${TARGET_BUILD_DIR}/${FRAMEWORKS_FOLDER_PATH}/Then.framework",
				"${TARGET_BUILD_DIR}/${FRAMEWORKS_FOLDER_PATH}/nanopb.framework",
			);
			runOnlyForDeploymentPostprocessing = 0;
			shellPath = /bin/sh;
			shellScript = "\"${SRCROOT}/Pods/Target Support Files/Pods-TylerQuickMedia/Pods-TylerQuickMedia-frameworks.sh\"\n";
			showEnvVarsInLog = 0;
		};
		6D7070C91755DFE90A4844BC /* [CP] Check Pods Manifest.lock */ = {
			isa = PBXShellScriptBuildPhase;
			buildActionMask = 2147483647;
			files = (
			);
			inputFileListPaths = (
			);
			inputPaths = (
				"${PODS_PODFILE_DIR_PATH}/Podfile.lock",
				"${PODS_ROOT}/Manifest.lock",
			);
			name = "[CP] Check Pods Manifest.lock";
			outputFileListPaths = (
			);
			outputPaths = (
				"$(DERIVED_FILE_DIR)/Pods-TylerQuickMedia-checkManifestLockResult.txt",
			);
			runOnlyForDeploymentPostprocessing = 0;
			shellPath = /bin/sh;
			shellScript = "diff \"${PODS_PODFILE_DIR_PATH}/Podfile.lock\" \"${PODS_ROOT}/Manifest.lock\" > /dev/null\nif [ $? != 0 ] ; then\n    # print error to STDERR\n    echo \"error: The sandbox is not in sync with the Podfile.lock. Run 'pod install' or update your CocoaPods installation.\" >&2\n    exit 1\nfi\n# This output is used by Xcode 'outputs' to avoid re-running this script phase.\necho \"SUCCESS\" > \"${SCRIPT_OUTPUT_FILE_0}\"\n";
			showEnvVarsInLog = 0;
		};
		71EE396B7544D43FBF9986AD /* [CP] Embed Pods Frameworks */ = {
			isa = PBXShellScriptBuildPhase;
			buildActionMask = 2147483647;
			files = (
			);
			inputFileListPaths = (
			);
			inputPaths = (
				"${SRCROOT}/Pods/Target Support Files/Pods-TylerQuickMediaTests/Pods-TylerQuickMediaTests-frameworks.sh",
				"${BUILT_PRODUCTS_DIR}/Nimble/Nimble.framework",
				"${BUILT_PRODUCTS_DIR}/Quick/Quick.framework",
			);
			name = "[CP] Embed Pods Frameworks";
			outputFileListPaths = (
			);
			outputPaths = (
				"${TARGET_BUILD_DIR}/${FRAMEWORKS_FOLDER_PATH}/Nimble.framework",
				"${TARGET_BUILD_DIR}/${FRAMEWORKS_FOLDER_PATH}/Quick.framework",
			);
			runOnlyForDeploymentPostprocessing = 0;
			shellPath = /bin/sh;
			shellScript = "\"${SRCROOT}/Pods/Target Support Files/Pods-TylerQuickMediaTests/Pods-TylerQuickMediaTests-frameworks.sh\"\n";
			showEnvVarsInLog = 0;
		};
		7464DCF2DEC795AE8BF0041F /* [CP] Copy Pods Resources */ = {
			isa = PBXShellScriptBuildPhase;
			buildActionMask = 2147483647;
			files = (
			);
			inputFileListPaths = (
			);
			inputPaths = (
			);
			name = "[CP] Copy Pods Resources";
			outputFileListPaths = (
			);
			outputPaths = (
			);
			runOnlyForDeploymentPostprocessing = 0;
			shellPath = /bin/sh;
			shellScript = "\"${SRCROOT}/Pods/Target Support Files/Pods-TylerQuickMediaTests/Pods-TylerQuickMediaTests-resources.sh\"\n";
			showEnvVarsInLog = 0;
		};
		BD15DDF0217C582C00978A3B /* Mark */ = {
			isa = PBXShellScriptBuildPhase;
			buildActionMask = 2147483647;
			files = (
			);
			inputFileListPaths = (
			);
			inputPaths = (
			);
			name = Mark;
			outputFileListPaths = (
			);
			outputPaths = (
			);
			runOnlyForDeploymentPostprocessing = 0;
			shellPath = /bin/sh;
			shellScript = "KEYWORDS=\"TODO|FIXME|\\?\\?\\?:|\\!\\!\\!:\"\nfind \"$PROJECT_DIR/Source\" \\( -name \"*.swift\" \\) -print0 | \\\nxargs -0 egrep --with-filename --line-number --only-matching \"($KEYWORDS).*\\$\" | \\\nperl -p -e \"s/($KEYWORDS)/ warning: \\$1/\"\n";
		};
		BD657075217F396E001F715A /* Cuckoo */ = {
			isa = PBXShellScriptBuildPhase;
			buildActionMask = 2147483647;
			files = (
			);
			inputFileListPaths = (
			);
			inputPaths = (
			);
			name = Cuckoo;
			outputFileListPaths = (
			);
			outputPaths = (
			);
			runOnlyForDeploymentPostprocessing = 0;
			shellPath = /bin/sh;
			shellScript = "OUTPUT_FILE=\"$PROJECT_DIR/${TARGET_NAME}Tests/GeneratedMocks.swift\"\n\necho \"Generated Mocks File = $OUTPUT_FILE\"\n\nINPUT_DIR=\"${PROJECT_DIR}/${TARGET_NAME}\"\n\n\n\"Carthage/Checkouts/Cuckoo/run\" generate --testable \"$PROJECT_NAME\" \\\n--output \"$OUTPUT_FILE\" \\\n\"$INPUT_DIR/Network/Service/ServiceTypes.swift\" \\\n\n\n";
		};
		BDC2C296217B695000A30107 /* [CP] Copy Carthage Resources */ = {
			isa = PBXShellScriptBuildPhase;
			buildActionMask = 2147483647;
			files = (
			);
			inputFileListPaths = (
			);
			inputPaths = (
				"$(SRCROOT)/Carthage/Build/iOS/SnapKit.framework",
				"$(SRCROOT)/Carthage/Build/iOS/SwiftRichString.framework",
				"$(SRCROOT)/Carthage/Build/iOS/RxTest.framework",
				"$(SRCROOT)/Carthage/Build/iOS/RxSwift.framework",
				"$(SRCROOT)/Carthage/Build/iOS/RxOptional.framework",
				"$(SRCROOT)/Carthage/Build/iOS/RxDataSources.framework",
				"$(SRCROOT)/Carthage/Build/iOS/DeallocationChecker.framework",
				"$(SRCROOT)/Carthage/Build/iOS/Differentiator.framework",
				"$(SRCROOT)/Carthage/Build/iOS/IGListKit.framework",
				"$(SRCROOT)/Carthage/Build/iOS/RxBlocking.framework",
				"$(SRCROOT)/Carthage/Build/iOS/RxCocoa.framework",
				"$(SRCROOT)/Carthage/Build/iOS/Alamofire.framework",
				"$(SRCROOT)/Carthage/Build/iOS/RxMoya.framework",
				"$(SRCROOT)/Carthage/Build/iOS/SwiftyBeaver.framework",
				"$(SRCROOT)/Carthage/Build/iOS/Result.framework",
				"$(SRCROOT)/Carthage/Build/iOS/ReactiveMoya.framework",
				"$(SRCROOT)/Carthage/Build/iOS/Moya.framework",
				"$(SRCROOT)/Carthage/Build/iOS/Swinject.framework",
				"$(SRCROOT)/Carthage/Build/iOS/SwinjectStoryboard.framework",
				"$(SRCROOT)/Carthage/Build/iOS/UIEmptyState.framework",
				"$(SRCROOT)/Carthage/Build/iOS/Kingfisher.framework",
				"$(SRCROOT)/Carthage/Build/iOS/Diff.framework",
				"$(SRCROOT)/Carthage/Build/iOS/Realm.framework",
				"$(SRCROOT)/Carthage/Build/iOS/RealmSwift.framework",
			);
			name = "[CP] Copy Carthage Resources";
			outputFileListPaths = (
			);
			outputPaths = (
			);
			runOnlyForDeploymentPostprocessing = 0;
			shellPath = /bin/sh;
			shellScript = "/usr/local/bin/carthage copy-frameworks\n";
		};
		BDC2C2A1217B6B7D00A30107 /* SwiftLint */ = {
			isa = PBXShellScriptBuildPhase;
			buildActionMask = 2147483647;
			files = (
			);
			inputFileListPaths = (
			);
			inputPaths = (
			);
			name = SwiftLint;
			outputFileListPaths = (
			);
			outputPaths = (
			);
			runOnlyForDeploymentPostprocessing = 0;
			shellPath = /bin/sh;
			shellScript = "if which swiftlint >/dev/null; then\nswiftlint\nelse\necho \"warning: SwiftLint not installed, download from https://github.com/realm/SwiftLint\"\nfi\n";
		};
		BDC2C2AB217B6DB900A30107 /* SwiftGen */ = {
			isa = PBXShellScriptBuildPhase;
			buildActionMask = 2147483647;
			files = (
			);
			inputFileListPaths = (
			);
			inputPaths = (
			);
			name = SwiftGen;
			outputFileListPaths = (
			);
			outputPaths = (
			);
			runOnlyForDeploymentPostprocessing = 0;
			shellPath = /bin/sh;
			shellScript = "$PODS_ROOT/SwiftGen/bin/swiftgen config run --config swiftgen.yml --verbose\n";
		};
		D43856F6D226F5F67B703ED0 /* [CP] Check Pods Manifest.lock */ = {
			isa = PBXShellScriptBuildPhase;
			buildActionMask = 2147483647;
			files = (
			);
			inputFileListPaths = (
			);
			inputPaths = (
				"${PODS_PODFILE_DIR_PATH}/Podfile.lock",
				"${PODS_ROOT}/Manifest.lock",
			);
			name = "[CP] Check Pods Manifest.lock";
			outputFileListPaths = (
			);
			outputPaths = (
				"$(DERIVED_FILE_DIR)/Pods-TylerQuickMediaTests-checkManifestLockResult.txt",
			);
			runOnlyForDeploymentPostprocessing = 0;
			shellPath = /bin/sh;
			shellScript = "diff \"${PODS_PODFILE_DIR_PATH}/Podfile.lock\" \"${PODS_ROOT}/Manifest.lock\" > /dev/null\nif [ $? != 0 ] ; then\n    # print error to STDERR\n    echo \"error: The sandbox is not in sync with the Podfile.lock. Run 'pod install' or update your CocoaPods installation.\" >&2\n    exit 1\nfi\n# This output is used by Xcode 'outputs' to avoid re-running this script phase.\necho \"SUCCESS\" > \"${SCRIPT_OUTPUT_FILE_0}\"\n";
			showEnvVarsInLog = 0;
		};
		ECE497ED47471686EA6518F2 /* [CP] Embed Pods Frameworks */ = {
			isa = PBXShellScriptBuildPhase;
			buildActionMask = 2147483647;
			files = (
			);
			inputFileListPaths = (
			);
			inputPaths = (
				"${SRCROOT}/Pods/Target Support Files/Pods-TylerQuickMediaUITests/Pods-TylerQuickMediaUITests-frameworks.sh",
				"${BUILT_PRODUCTS_DIR}/Nimble/Nimble.framework",
				"${BUILT_PRODUCTS_DIR}/Quick/Quick.framework",
			);
			name = "[CP] Embed Pods Frameworks";
			outputFileListPaths = (
			);
			outputPaths = (
				"${TARGET_BUILD_DIR}/${FRAMEWORKS_FOLDER_PATH}/Nimble.framework",
				"${TARGET_BUILD_DIR}/${FRAMEWORKS_FOLDER_PATH}/Quick.framework",
			);
			runOnlyForDeploymentPostprocessing = 0;
			shellPath = /bin/sh;
			shellScript = "\"${SRCROOT}/Pods/Target Support Files/Pods-TylerQuickMediaUITests/Pods-TylerQuickMediaUITests-frameworks.sh\"\n";
			showEnvVarsInLog = 0;
		};
/* End PBXShellScriptBuildPhase section */

/* Begin PBXSourcesBuildPhase section */
		BDC2C25B217B666600A30107 /* Sources */ = {
			isa = PBXSourcesBuildPhase;
			buildActionMask = 2147483647;
			files = (
				BD657087217F48BA001F715A /* GeneratedMocks.swift in Sources */,
				BD15DDF4217C599000978A3B /* NaverApi.swift in Sources */,
				BD34F01B217C26C80066023E /* MediaViewController.swift in Sources */,
				BD945128217C9237001733B7 /* CGUtils.swift in Sources */,
				BD94512F217CB2F3001733B7 /* MediumMapper.swift in Sources */,
				BD34F00D217C1B080066023E /* SwinjectStoryboard+setup.swift in Sources */,
				BD34F009217C19A60066023E /* Enviroment.swift in Sources */,
				BD34F022217C2C150066023E /* KakaoResponses.swift in Sources */,
				BD6A9DE9217D8CCD001952E8 /* MediaCollectionCell.swift in Sources */,
				BD94512B217CA0A5001733B7 /* MediumModel.swift in Sources */,
				BDF99638217EE4900064D40B /* MediumViewModel.swift in Sources */,
				BD15DDEC217C521800978A3B /* DeallocationView.swift in Sources */,
				BD34F018217C1F7B0066023E /* ServiceTypes.swift in Sources */,
				BDC2C2C1217B72B700A30107 /* HasDisposeBag.swift in Sources */,
				BDDF4D02217DDF0600B6C4EC /* MediaViewController+EmptyState.swift in Sources */,
				BDC2C2B3217B726300A30107 /* Fonts.swift in Sources */,
				BD945123217C8D46001733B7 /* Router.swift in Sources */,
				BD8C0569217D8D7200F24EA2 /* Dimens.swift in Sources */,
				BD34F029217C45C50066023E /* DefaultAlamofireManager.swift in Sources */,
				BD34F027217C38680066023E /* Single+Network.swift in Sources */,
				BD657084217F4482001F715A /* RateLimitable.swift in Sources */,
				BDC2C2B4217B726300A30107 /* Assets.swift in Sources */,
				BD15DDF8217C5C0900978A3B /* NaverResponses.swift in Sources */,
				BDC2C2B2217B726300A30107 /* MyColor.swift in Sources */,
				BD34F01D217C26D10066023E /* MediaReactor.swift in Sources */,
				BDC2C2B5217B726300A30107 /* L10n.swift in Sources */,
				BDC2C2BF217B72B700A30107 /* StoryboardInitializable.swift in Sources */,
				BDC2C2C0217B72B700A30107 /* NibWithSwiftName.swift in Sources */,
				BDC2C2BE217B72B700A30107 /* SwiftNameIdentifier.swift in Sources */,
				BDC2C2F4217B7D8C00A30107 /* KakaoRequests.swift in Sources */,
				BD945126217C91BB001733B7 /* ReplicateActivityIndicator.swift in Sources */,
				BDC2C263217B666600A30107 /* AppDelegate.swift in Sources */,
				BD15DDF6217C5ADA00978A3B /* NaverRequests.swift in Sources */,
				BDDF4D00217DDEC900B6C4EC /* MediaViewController+Reactor.swift in Sources */,
				BDC2C2F6217B843F00A30107 /* DictionarySerializable.swift in Sources */,
				BD34F012217C1F370066023E /* KakaoApi.swift in Sources */,
				BD945133217CC068001733B7 /* UIImage+GIF.swift in Sources */,
				BD34F016217C1F650066023E /* KakaoService.swift in Sources */,
				BD657080217F43F9001F715A /* MediumRepositoryType.swift in Sources */,
				BD15DDEF217C53CB00978A3B /* Medium.swift in Sources */,
				BD65707D217F41E3001F715A /* MediumSearchResult.swift in Sources */,
				BD34F01F217C2AE40066023E /* ViewController+Rx.swift in Sources */,
				BD34F02E217C49AA0066023E /* AccessTokenPlugin.swift in Sources */,
				BD15DDFA217C5D9700978A3B /* NaverService.swift in Sources */,
				BDC2C299217B69E600A30107 /* Logger.swift in Sources */,
				BDC2C2F8217B8A8A00A30107 /* ThreadInfo.swift in Sources */,
				BD94512D217CA6EE001733B7 /* MediumService.swift in Sources */,
				BD34F00F217C1CB00066023E /* Inject.swift in Sources */,
			);
			runOnlyForDeploymentPostprocessing = 0;
		};
		BDC2C272217B666800A30107 /* Sources */ = {
			isa = PBXSourcesBuildPhase;
			buildActionMask = 2147483647;
			files = (
				BDC2C27B217B666800A30107 /* TylerQuickMediaTests.swift in Sources */,
				BD657086217F46F6001F715A /* MediumSearchResult.swift in Sources */,
			);
			runOnlyForDeploymentPostprocessing = 0;
		};
		BDC2C27D217B666800A30107 /* Sources */ = {
			isa = PBXSourcesBuildPhase;
			buildActionMask = 2147483647;
			files = (
				BDC2C286217B666800A30107 /* TylerQuickMediaUITests.swift in Sources */,
			);
			runOnlyForDeploymentPostprocessing = 0;
		};
/* End PBXSourcesBuildPhase section */

/* Begin PBXTargetDependency section */
		BDC2C278217B666800A30107 /* PBXTargetDependency */ = {
			isa = PBXTargetDependency;
			target = BDC2C25E217B666600A30107 /* TylerQuickMedia */;
			targetProxy = BDC2C277217B666800A30107 /* PBXContainerItemProxy */;
		};
		BDC2C283217B666800A30107 /* PBXTargetDependency */ = {
			isa = PBXTargetDependency;
			target = BDC2C25E217B666600A30107 /* TylerQuickMedia */;
			targetProxy = BDC2C282217B666800A30107 /* PBXContainerItemProxy */;
		};
/* End PBXTargetDependency section */

/* Begin PBXVariantGroup section */
		BDC2C266217B666600A30107 /* Main.storyboard */ = {
			isa = PBXVariantGroup;
			children = (
				BDC2C267217B666600A30107 /* Base */,
			);
			name = Main.storyboard;
			sourceTree = "<group>";
		};
		BDC2C26E217B666700A30107 /* LaunchScreen.storyboard */ = {
			isa = PBXVariantGroup;
			children = (
				BDC2C26F217B666700A30107 /* Base */,
			);
			name = LaunchScreen.storyboard;
			sourceTree = "<group>";
		};
		BDC2C2A4217B6CE700A30107 /* Localizable.strings */ = {
			isa = PBXVariantGroup;
			children = (
				BDC2C2A5217B6CE700A30107 /* Base */,
			);
			name = Localizable.strings;
			sourceTree = "<group>";
		};
/* End PBXVariantGroup section */

/* Begin XCBuildConfiguration section */
		BDC2C288217B666800A30107 /* Debug */ = {
			isa = XCBuildConfiguration;
			buildSettings = {
				ALWAYS_SEARCH_USER_PATHS = NO;
				CLANG_ANALYZER_NONNULL = YES;
				CLANG_ANALYZER_NUMBER_OBJECT_CONVERSION = YES_AGGRESSIVE;
				CLANG_CXX_LANGUAGE_STANDARD = "gnu++14";
				CLANG_CXX_LIBRARY = "libc++";
				CLANG_ENABLE_MODULES = YES;
				CLANG_ENABLE_OBJC_ARC = YES;
				CLANG_ENABLE_OBJC_WEAK = YES;
				CLANG_WARN_BLOCK_CAPTURE_AUTORELEASING = YES;
				CLANG_WARN_BOOL_CONVERSION = YES;
				CLANG_WARN_COMMA = YES;
				CLANG_WARN_CONSTANT_CONVERSION = YES;
				CLANG_WARN_DEPRECATED_OBJC_IMPLEMENTATIONS = YES;
				CLANG_WARN_DIRECT_OBJC_ISA_USAGE = YES_ERROR;
				CLANG_WARN_DOCUMENTATION_COMMENTS = YES;
				CLANG_WARN_EMPTY_BODY = YES;
				CLANG_WARN_ENUM_CONVERSION = YES;
				CLANG_WARN_INFINITE_RECURSION = YES;
				CLANG_WARN_INT_CONVERSION = YES;
				CLANG_WARN_NON_LITERAL_NULL_CONVERSION = YES;
				CLANG_WARN_OBJC_IMPLICIT_RETAIN_SELF = YES;
				CLANG_WARN_OBJC_LITERAL_CONVERSION = YES;
				CLANG_WARN_OBJC_ROOT_CLASS = YES_ERROR;
				CLANG_WARN_RANGE_LOOP_ANALYSIS = YES;
				CLANG_WARN_STRICT_PROTOTYPES = YES;
				CLANG_WARN_SUSPICIOUS_MOVE = YES;
				CLANG_WARN_UNGUARDED_AVAILABILITY = YES_AGGRESSIVE;
				CLANG_WARN_UNREACHABLE_CODE = YES;
				CLANG_WARN__DUPLICATE_METHOD_MATCH = YES;
				CODE_SIGN_IDENTITY = "iPhone Developer";
				COPY_PHASE_STRIP = NO;
				DEBUG_INFORMATION_FORMAT = dwarf;
				ENABLE_STRICT_OBJC_MSGSEND = YES;
				ENABLE_TESTABILITY = YES;
				GCC_C_LANGUAGE_STANDARD = gnu11;
				GCC_DYNAMIC_NO_PIC = NO;
				GCC_NO_COMMON_BLOCKS = YES;
				GCC_OPTIMIZATION_LEVEL = 0;
				GCC_PREPROCESSOR_DEFINITIONS = (
					"DEBUG=1",
					"$(inherited)",
				);
				GCC_WARN_64_TO_32_BIT_CONVERSION = YES;
				GCC_WARN_ABOUT_RETURN_TYPE = YES_ERROR;
				GCC_WARN_UNDECLARED_SELECTOR = YES;
				GCC_WARN_UNINITIALIZED_AUTOS = YES_AGGRESSIVE;
				GCC_WARN_UNUSED_FUNCTION = YES;
				GCC_WARN_UNUSED_VARIABLE = YES;
				IPHONEOS_DEPLOYMENT_TARGET = 12.0;
				MTL_ENABLE_DEBUG_INFO = INCLUDE_SOURCE;
				MTL_FAST_MATH = YES;
				ONLY_ACTIVE_ARCH = YES;
				SDKROOT = iphoneos;
				SWIFT_ACTIVE_COMPILATION_CONDITIONS = DEBUG;
				SWIFT_OPTIMIZATION_LEVEL = "-Onone";
				SWIFT_VERSION = 4.2;
			};
			name = Debug;
		};
		BDC2C289217B666800A30107 /* Release */ = {
			isa = XCBuildConfiguration;
			buildSettings = {
				ALWAYS_SEARCH_USER_PATHS = NO;
				CLANG_ANALYZER_NONNULL = YES;
				CLANG_ANALYZER_NUMBER_OBJECT_CONVERSION = YES_AGGRESSIVE;
				CLANG_CXX_LANGUAGE_STANDARD = "gnu++14";
				CLANG_CXX_LIBRARY = "libc++";
				CLANG_ENABLE_MODULES = YES;
				CLANG_ENABLE_OBJC_ARC = YES;
				CLANG_ENABLE_OBJC_WEAK = YES;
				CLANG_WARN_BLOCK_CAPTURE_AUTORELEASING = YES;
				CLANG_WARN_BOOL_CONVERSION = YES;
				CLANG_WARN_COMMA = YES;
				CLANG_WARN_CONSTANT_CONVERSION = YES;
				CLANG_WARN_DEPRECATED_OBJC_IMPLEMENTATIONS = YES;
				CLANG_WARN_DIRECT_OBJC_ISA_USAGE = YES_ERROR;
				CLANG_WARN_DOCUMENTATION_COMMENTS = YES;
				CLANG_WARN_EMPTY_BODY = YES;
				CLANG_WARN_ENUM_CONVERSION = YES;
				CLANG_WARN_INFINITE_RECURSION = YES;
				CLANG_WARN_INT_CONVERSION = YES;
				CLANG_WARN_NON_LITERAL_NULL_CONVERSION = YES;
				CLANG_WARN_OBJC_IMPLICIT_RETAIN_SELF = YES;
				CLANG_WARN_OBJC_LITERAL_CONVERSION = YES;
				CLANG_WARN_OBJC_ROOT_CLASS = YES_ERROR;
				CLANG_WARN_RANGE_LOOP_ANALYSIS = YES;
				CLANG_WARN_STRICT_PROTOTYPES = YES;
				CLANG_WARN_SUSPICIOUS_MOVE = YES;
				CLANG_WARN_UNGUARDED_AVAILABILITY = YES_AGGRESSIVE;
				CLANG_WARN_UNREACHABLE_CODE = YES;
				CLANG_WARN__DUPLICATE_METHOD_MATCH = YES;
				CODE_SIGN_IDENTITY = "iPhone Developer";
				COPY_PHASE_STRIP = NO;
				DEBUG_INFORMATION_FORMAT = "dwarf-with-dsym";
				ENABLE_NS_ASSERTIONS = NO;
				ENABLE_STRICT_OBJC_MSGSEND = YES;
				GCC_C_LANGUAGE_STANDARD = gnu11;
				GCC_NO_COMMON_BLOCKS = YES;
				GCC_WARN_64_TO_32_BIT_CONVERSION = YES;
				GCC_WARN_ABOUT_RETURN_TYPE = YES_ERROR;
				GCC_WARN_UNDECLARED_SELECTOR = YES;
				GCC_WARN_UNINITIALIZED_AUTOS = YES_AGGRESSIVE;
				GCC_WARN_UNUSED_FUNCTION = YES;
				GCC_WARN_UNUSED_VARIABLE = YES;
				IPHONEOS_DEPLOYMENT_TARGET = 12.0;
				MTL_ENABLE_DEBUG_INFO = NO;
				MTL_FAST_MATH = YES;
				SDKROOT = iphoneos;
				SWIFT_COMPILATION_MODE = wholemodule;
				SWIFT_OPTIMIZATION_LEVEL = "-O";
				SWIFT_VERSION = 4.2;
				VALIDATE_PRODUCT = YES;
			};
			name = Release;
		};
		BDC2C28B217B666800A30107 /* Debug */ = {
			isa = XCBuildConfiguration;
			baseConfigurationReference = C195F91F40CC13CBDF4880E3 /* Pods-TylerQuickMedia.debug.xcconfig */;
			buildSettings = {
				ALWAYS_EMBED_SWIFT_STANDARD_LIBRARIES = "$(inherited)";
				ASSETCATALOG_COMPILER_APPICON_NAME = AppIcon;
				CODE_SIGN_STYLE = Automatic;
				DEVELOPMENT_TEAM = 576T8HK6X4;
				FRAMEWORK_SEARCH_PATHS = (
					"$(inherited)",
					"$(PROJECT_DIR)/Carthage/Build/iOS",
				);
				INFOPLIST_FILE = TylerQuickMedia/Info.plist;
				LD_RUNPATH_SEARCH_PATHS = (
					"$(inherited)",
					"@executable_path/Frameworks",
				);
				PRODUCT_BUNDLE_IDENTIFIER = com.hucet.tyler.TylerQuickMedia;
				PRODUCT_NAME = "$(TARGET_NAME)";
				SWIFT_VERSION = 4.2;
				TARGETED_DEVICE_FAMILY = "1,2";
			};
			name = Debug;
		};
		BDC2C28C217B666800A30107 /* Release */ = {
			isa = XCBuildConfiguration;
			baseConfigurationReference = ABCC3E19CABE4F69A2855DE2 /* Pods-TylerQuickMedia.release.xcconfig */;
			buildSettings = {
				ALWAYS_EMBED_SWIFT_STANDARD_LIBRARIES = "$(inherited)";
				ASSETCATALOG_COMPILER_APPICON_NAME = AppIcon;
				CODE_SIGN_STYLE = Automatic;
				DEVELOPMENT_TEAM = 576T8HK6X4;
				FRAMEWORK_SEARCH_PATHS = (
					"$(inherited)",
					"$(PROJECT_DIR)/Carthage/Build/iOS",
				);
				INFOPLIST_FILE = TylerQuickMedia/Info.plist;
				LD_RUNPATH_SEARCH_PATHS = (
					"$(inherited)",
					"@executable_path/Frameworks",
				);
				PRODUCT_BUNDLE_IDENTIFIER = com.hucet.tyler.TylerQuickMedia;
				PRODUCT_NAME = "$(TARGET_NAME)";
				SWIFT_VERSION = 4.2;
				TARGETED_DEVICE_FAMILY = "1,2";
			};
			name = Release;
		};
		BDC2C28E217B666800A30107 /* Debug */ = {
			isa = XCBuildConfiguration;
			baseConfigurationReference = F797908061889DDB672E5688 /* Pods-TylerQuickMediaTests.debug.xcconfig */;
			buildSettings = {
				ALWAYS_EMBED_SWIFT_STANDARD_LIBRARIES = "$(inherited)";
				BUNDLE_LOADER = "$(TEST_HOST)";
				CODE_SIGN_STYLE = Automatic;
				DEVELOPMENT_TEAM = 576T8HK6X4;
				INFOPLIST_FILE = TylerQuickMediaTests/Info.plist;
				LD_RUNPATH_SEARCH_PATHS = (
					"$(inherited)",
					"@executable_path/Frameworks",
					"@loader_path/Frameworks",
				);
				PRODUCT_BUNDLE_IDENTIFIER = com.hucet.tyler.TylerQuickMediaTests;
				PRODUCT_NAME = "$(TARGET_NAME)";
				SWIFT_VERSION = 4.2;
				TARGETED_DEVICE_FAMILY = "1,2";
				TEST_HOST = "$(BUILT_PRODUCTS_DIR)/TylerQuickMedia.app/TylerQuickMedia";
			};
			name = Debug;
		};
		BDC2C28F217B666800A30107 /* Release */ = {
			isa = XCBuildConfiguration;
			baseConfigurationReference = 39E825EA20243572C6B079A1 /* Pods-TylerQuickMediaTests.release.xcconfig */;
			buildSettings = {
				ALWAYS_EMBED_SWIFT_STANDARD_LIBRARIES = "$(inherited)";
				BUNDLE_LOADER = "$(TEST_HOST)";
				CODE_SIGN_STYLE = Automatic;
				DEVELOPMENT_TEAM = 576T8HK6X4;
				INFOPLIST_FILE = TylerQuickMediaTests/Info.plist;
				LD_RUNPATH_SEARCH_PATHS = (
					"$(inherited)",
					"@executable_path/Frameworks",
					"@loader_path/Frameworks",
				);
				PRODUCT_BUNDLE_IDENTIFIER = com.hucet.tyler.TylerQuickMediaTests;
				PRODUCT_NAME = "$(TARGET_NAME)";
				SWIFT_VERSION = 4.2;
				TARGETED_DEVICE_FAMILY = "1,2";
				TEST_HOST = "$(BUILT_PRODUCTS_DIR)/TylerQuickMedia.app/TylerQuickMedia";
			};
			name = Release;
		};
		BDC2C291217B666800A30107 /* Debug */ = {
			isa = XCBuildConfiguration;
			baseConfigurationReference = C6296536AB41DFE8360D4291 /* Pods-TylerQuickMediaUITests.debug.xcconfig */;
			buildSettings = {
				ALWAYS_EMBED_SWIFT_STANDARD_LIBRARIES = "$(inherited)";
				CODE_SIGN_STYLE = Automatic;
				DEVELOPMENT_TEAM = 576T8HK6X4;
				INFOPLIST_FILE = TylerQuickMediaUITests/Info.plist;
				LD_RUNPATH_SEARCH_PATHS = (
					"$(inherited)",
					"@executable_path/Frameworks",
					"@loader_path/Frameworks",
				);
				PRODUCT_BUNDLE_IDENTIFIER = com.hucet.tyler.TylerQuickMediaUITests;
				PRODUCT_NAME = "$(TARGET_NAME)";
				SWIFT_VERSION = 4.2;
				TARGETED_DEVICE_FAMILY = "1,2";
				TEST_TARGET_NAME = TylerQuickMedia;
			};
			name = Debug;
		};
		BDC2C292217B666800A30107 /* Release */ = {
			isa = XCBuildConfiguration;
			baseConfigurationReference = C7CADA137F115014A33D05BF /* Pods-TylerQuickMediaUITests.release.xcconfig */;
			buildSettings = {
				ALWAYS_EMBED_SWIFT_STANDARD_LIBRARIES = "$(inherited)";
				CODE_SIGN_STYLE = Automatic;
				DEVELOPMENT_TEAM = 576T8HK6X4;
				INFOPLIST_FILE = TylerQuickMediaUITests/Info.plist;
				LD_RUNPATH_SEARCH_PATHS = (
					"$(inherited)",
					"@executable_path/Frameworks",
					"@loader_path/Frameworks",
				);
				PRODUCT_BUNDLE_IDENTIFIER = com.hucet.tyler.TylerQuickMediaUITests;
				PRODUCT_NAME = "$(TARGET_NAME)";
				SWIFT_VERSION = 4.2;
				TARGETED_DEVICE_FAMILY = "1,2";
				TEST_TARGET_NAME = TylerQuickMedia;
			};
			name = Release;
		};
/* End XCBuildConfiguration section */

/* Begin XCConfigurationList section */
		BDC2C25A217B666600A30107 /* Build configuration list for PBXProject "TylerQuickMedia" */ = {
			isa = XCConfigurationList;
			buildConfigurations = (
				BDC2C288217B666800A30107 /* Debug */,
				BDC2C289217B666800A30107 /* Release */,
			);
			defaultConfigurationIsVisible = 0;
			defaultConfigurationName = Release;
		};
		BDC2C28A217B666800A30107 /* Build configuration list for PBXNativeTarget "TylerQuickMedia" */ = {
			isa = XCConfigurationList;
			buildConfigurations = (
				BDC2C28B217B666800A30107 /* Debug */,
				BDC2C28C217B666800A30107 /* Release */,
			);
			defaultConfigurationIsVisible = 0;
			defaultConfigurationName = Release;
		};
		BDC2C28D217B666800A30107 /* Build configuration list for PBXNativeTarget "TylerQuickMediaTests" */ = {
			isa = XCConfigurationList;
			buildConfigurations = (
				BDC2C28E217B666800A30107 /* Debug */,
				BDC2C28F217B666800A30107 /* Release */,
			);
			defaultConfigurationIsVisible = 0;
			defaultConfigurationName = Release;
		};
		BDC2C290217B666800A30107 /* Build configuration list for PBXNativeTarget "TylerQuickMediaUITests" */ = {
			isa = XCConfigurationList;
			buildConfigurations = (
				BDC2C291217B666800A30107 /* Debug */,
				BDC2C292217B666800A30107 /* Release */,
			);
			defaultConfigurationIsVisible = 0;
			defaultConfigurationName = Release;
		};
/* End XCConfigurationList section */
	};
	rootObject = BDC2C257217B666600A30107 /* Project object */;
}
